{
  "name": "leGong",
  "version": "1.0.0",
  "lockfileVersion": 1,
  "requires": true,
  "dependencies": {
    "umtrack-wx": {
      "version": "2.4.6",
      "resolved": "https://registry.npmjs.org/umtrack-wx/-/umtrack-wx-2.4.6.tgz",
      "integrity": "sha512-n6yCVZGqtMNACg9CehkdC8lRY6Tjr1i0NnsvNsZg/FymCS/ODLfZD90b2vOZvmEiELgaFqT+24EI16mDyWEHVQ=="
    }
  }
}
